
Microsoft Visual Studio Solution File, Format Version 12.00
# Visual Studio Version 17
VisualStudioVersion = 17.9.34902.65
MinimumVisualStudioVersion = 10.0.40219.1
Project("{FAE04EC0-301F-11D3-BF4B-00C04F79EFBC}") = "HotelGuru", "HotelGuru.csproj", "{516E5240-2CBE-4018-92CF-678FA35784B5}"
EndProject
Global
	GlobalSection(SolutionConfigurationPlatforms) = preSolution
		Debug|Any CPU = Debug|Any CPU
		Release|Any CPU = Release|Any CPU
	EndGlobalSection
	GlobalSection(ProjectConfigurationPlatforms) = postSolution
		{516E5240-2CBE-4018-92CF-678FA35784B5}.Debug|Any CPU.ActiveCfg = Debug|Any CPU
		{516E5240-2CBE-4018-92CF-678FA35784B5}.Debug|Any CPU.Build.0 = Debug|Any CPU
		{516E5240-2CBE-4018-92CF-678FA35784B5}.Release|Any CPU.ActiveCfg = Release|Any CPU
		{516E5240-2CBE-4018-92CF-678FA35784B5}.Release|Any CPU.Build.0 = Release|Any CPU
	EndGlobalSection
	GlobalSection(SolutionProperties) = preSolution
		HideSolutionNode = FALSE
	EndGlobalSection
	GlobalSection(ExtensibilityGlobals) = postSolution
		SolutionGuid = {FF9850E1-05C2-4988-AE18-0F5A3BD0DE9C}
	EndGlobalSection
EndGlobal
